{
  "version": 4,
  "terraform_version": "1.11.4",
  "serial": 58,
  "lineage": "b3b97fd4-6cbc-32d2-96c5-b8429ed3bc33",
  "outputs": {
    "url": {
      "value": "https://asset-analysis-service-zy2xv2pfqq-ew.a.run.app",
      "type": "string"
    }
  },
  "resources": [
    {
      "mode": "managed",
      "type": "google_bigquery_dataset",
      "name": "asset_analysis_dataset",
      "provider": "provider[\"registry.terraform.io/hashicorp/google\"]",
      "instances": [
        {
          "schema_version": 0,
          "attributes": {
            "access": [
              {
                "condition": [],
                "dataset": [],
                "domain": "",
                "group_by_email": "",
                "iam_member": "",
                "role": "OWNER",
                "routine": [],
                "special_group": "",
                "user_by_email": "445748976210-compute@developer.gserviceaccount.com",
                "view": []
              },
              {
                "condition": [],
                "dataset": [],
                "domain": "",
                "group_by_email": "",
                "iam_member": "",
                "role": "OWNER",
                "routine": [],
                "special_group": "projectOwners",
                "user_by_email": "",
                "view": []
              },
              {
                "condition": [],
                "dataset": [],
                "domain": "",
                "group_by_email": "",
                "iam_member": "",
                "role": "READER",
                "routine": [],
                "special_group": "projectReaders",
                "user_by_email": "",
                "view": []
              },
              {
                "condition": [],
                "dataset": [],
                "domain": "",
                "group_by_email": "",
                "iam_member": "",
                "role": "WRITER",
                "routine": [],
                "special_group": "projectWriters",
                "user_by_email": "",
                "view": []
              }
            ],
            "creation_time": 1815311131,
            "dataset_id": "asset_analysis_dataset",
            "default_collation": "",
            "default_encryption_configuration": [],
            "default_partition_expiration_ms": 0,
            "default_table_expiration_ms": 0,
            "delete_contents_on_destroy": false,
            "description": "",
            "effective_labels": {
              "goog-terraform-provisioned": "true"
            },
            "etag": "aFx+n/jgx9wsWPCT0bpm/Q==",
            "external_catalog_dataset_options": [],
            "external_dataset_reference": [],
            "friendly_name": "",
            "id": "projects/pure-tribute-457710-m1/datasets/asset_analysis_dataset",
            "is_case_insensitive": false,
            "labels": {},
            "last_modified_time": 1815311131,
            "location": "europe-west1",
            "max_time_travel_hours": "168",
            "project": "pure-tribute-457710-m1",
            "resource_tags": {},
            "self_link": "https://bigquery.googleapis.com/bigquery/v2/projects/pure-tribute-457710-m1/datasets/asset_analysis_dataset",
            "storage_billing_model": "",
            "terraform_labels": {
              "goog-terraform-provisioned": "true"
            },
            "timeouts": null
          },
          "sensitive_attributes": [],
          "private": "eyJlMmJmYjczMC1lY2FhLTExZTYtOGY4OC0zNDM2M2JjN2M0YzAiOnsiY3JlYXRlIjoxMjAwMDAwMDAwMDAwLCJkZWxldGUiOjEyMDAwMDAwMDAwMDAsInVwZGF0ZSI6MTIwMDAwMDAwMDAwMH19"
        }
      ]
    },
    {
      "mode": "managed",
      "type": "google_bigquery_table",
      "name": "asset_analysis_table",
      "provider": "provider[\"registry.terraform.io/hashicorp/google\"]",
      "instances": [
        {
          "schema_version": 0,
          "attributes": {
            "biglake_configuration": [],
            "clustering": null,
            "creation_time": 1820801968,
            "dataset_id": "asset_analysis_dataset",
            "deletion_protection": true,
            "description": "",
            "effective_labels": {
              "goog-terraform-provisioned": "true"
            },
            "encryption_configuration": [],
            "etag": "VqQVm7I3V8us2V1kFU6ihw==",
            "expiration_time": 0,
            "external_catalog_table_options": [],
            "external_data_configuration": [],
            "friendly_name": "",
            "id": "projects/pure-tribute-457710-m1/datasets/asset_analysis_dataset/tables/asset_analysis_result",
            "labels": {},
            "last_modified_time": 1834386910,
            "location": "europe-west1",
            "materialized_view": [],
            "max_staleness": "",
            "num_bytes": 46624,
            "num_long_term_bytes": 0,
            "num_rows": 1240,
            "project": "pure-tribute-457710-m1",
            "range_partitioning": [],
            "require_partition_filter": false,
            "resource_tags": {},
            "schema": "[{\"mode\":\"REQUIRED\",\"name\":\"Ticker\",\"type\":\"STRING\"},{\"mode\":\"NULLABLE\",\"name\":\"Mean_Return\",\"type\":\"FLOAT\"},{\"mode\":\"NULLABLE\",\"name\":\"Volatility\",\"type\":\"FLOAT\"},{\"mode\":\"NULLABLE\",\"name\":\"Year\",\"type\":\"INTEGER\"},{\"mode\":\"NULLABLE\",\"name\":\"Month\",\"type\":\"INTEGER\"}]",
            "schema_foreign_type_info": [],
            "self_link": "https://bigquery.googleapis.com/bigquery/v2/projects/pure-tribute-457710-m1/datasets/asset_analysis_dataset/tables/asset_analysis_result",
            "table_constraints": [],
            "table_id": "asset_analysis_result",
            "table_metadata_view": null,
            "table_replication_info": [],
            "terraform_labels": {
              "goog-terraform-provisioned": "true"
            },
            "time_partitioning": [],
            "type": "TABLE",
            "view": []
          },
          "sensitive_attributes": [],
          "private": "bnVsbA==",
          "dependencies": [
            "google_bigquery_dataset.asset_analysis_dataset"
          ]
        }
      ]
    },
    {
      "mode": "managed",
      "type": "google_cloud_run_service",
      "name": "streamlit",
      "provider": "provider[\"registry.terraform.io/hashicorp/google\"]",
      "instances": [
        {
          "schema_version": 2,
          "attributes": {
            "autogenerate_revision_name": false,
            "id": "locations/europe-west1/namespaces/pure-tribute-457710-m1/services/asset-analysis-service",
            "location": "europe-west1",
            "metadata": [
              {
                "annotations": {},
                "effective_annotations": {
                  "run.googleapis.com/ingress": "all",
                  "run.googleapis.com/ingress-status": "all",
                  "run.googleapis.com/operation-id": "4d8a10c4-e684-4058-9c7f-973ee5f5f426",
                  "run.googleapis.com/urls": "[\"https://asset-analysis-service-445748976210.europe-west1.run.app\",\"https://asset-analysis-service-zy2xv2pfqq-ew.a.run.app\"]",
                  "serving.knative.dev/creator": "445748976210-compute@developer.gserviceaccount.com",
                  "serving.knative.dev/lastModifier": "445748976210-compute@developer.gserviceaccount.com"
                },
                "effective_labels": {
                  "cloud.googleapis.com/location": "europe-west1"
                },
                "generation": 1,
                "labels": {},
                "namespace": "pure-tribute-457710-m1",
                "resource_version": "AAYziX9VLww",
                "self_link": "/apis/serving.knative.dev/v1/namespaces/445748976210/services/asset-analysis-service",
                "terraform_labels": {},
                "uid": "5d18449c-c019-4749-854c-35bd19d24cb2"
              }
            ],
            "name": "asset-analysis-service",
            "project": "pure-tribute-457710-m1",
            "status": [
              {
                "conditions": [
                  {
                    "message": "",
                    "reason": "",
                    "status": "True",
                    "type": "Ready"
                  },
                  {
                    "message": "",
                    "reason": "",
                    "status": "True",
                    "type": "ConfigurationsReady"
                  },
                  {
                    "message": "",
                    "reason": "",
                    "status": "True",
                    "type": "RoutesReady"
                  }
                ],
                "latest_created_revision_name": "asset-analysis-service-00001-s22",
                "latest_ready_revision_name": "asset-analysis-service-00001-s22",
                "observed_generation": 1,
                "traffic": [
                  {
                    "latest_revision": true,
                    "percent": 100,
                    "revision_name": "asset-analysis-service-00001-s22",
                    "tag": "",
                    "url": ""
                  }
                ],
                "url": "https://asset-analysis-service-zy2xv2pfqq-ew.a.run.app"
              }
            ],
            "template": [
              {
                "metadata": [
                  {
                    "annotations": {
                      "autoscaling.knative.dev/maxScale": "3"
                    },
                    "generation": 0,
                    "labels": {
                      "run.googleapis.com/startupProbeType": "Default"
                    },
                    "name": "",
                    "namespace": "",
                    "resource_version": "",
                    "self_link": "",
                    "uid": ""
                  }
                ],
                "spec": [
                  {
                    "container_concurrency": 80,
                    "containers": [
                      {
                        "args": [],
                        "command": [],
                        "env": [],
                        "env_from": [],
                        "image": "gcr.io/pure-tribute-457710-m1/streamlit-app:latest",
                        "liveness_probe": [],
                        "name": "",
                        "ports": [
                          {
                            "container_port": 8501,
                            "name": "http1",
                            "protocol": ""
                          }
                        ],
                        "resources": [
                          {
                            "limits": {
                              "cpu": "1000m",
                              "memory": "512Mi"
                            },
                            "requests": {}
                          }
                        ],
                        "startup_probe": [
                          {
                            "failure_threshold": 1,
                            "grpc": [],
                            "http_get": [],
                            "initial_delay_seconds": 0,
                            "period_seconds": 240,
                            "tcp_socket": [
                              {
                                "port": 8501
                              }
                            ],
                            "timeout_seconds": 240
                          }
                        ],
                        "volume_mounts": [],
                        "working_dir": ""
                      }
                    ],
                    "node_selector": {},
                    "service_account_name": "445748976210-compute@developer.gserviceaccount.com",
                    "serving_state": "",
                    "timeout_seconds": 600,
                    "volumes": []
                  }
                ]
              }
            ],
            "timeouts": null,
            "traffic": [
              {
                "latest_revision": true,
                "percent": 100,
                "revision_name": "",
                "tag": "",
                "url": ""
              }
            ]
          },
          "sensitive_attributes": [],
          "private": "eyJlMmJmYjczMC1lY2FhLTExZTYtOGY4OC0zNDM2M2JjN2M0YzAiOnsiY3JlYXRlIjoxMjAwMDAwMDAwMDAwLCJkZWxldGUiOjEyMDAwMDAwMDAwMDAsInVwZGF0ZSI6MTIwMDAwMDAwMDAwMH0sInNjaGVtYV92ZXJzaW9uIjoiMiJ9",
          "dependencies": [
            "google_project_service.cloud_run"
          ]
        }
      ]
    },
    {
      "mode": "managed",
      "type": "google_cloud_run_service_iam_policy",
      "name": "public_access",
      "provider": "provider[\"registry.terraform.io/hashicorp/google\"]",
      "instances": [
        {
          "schema_version": 0,
          "attributes": {
            "etag": "BwYzlrWzOTI=",
            "id": "v1/projects/pure-tribute-457710-m1/locations/europe-west1/services/asset-analysis-service",
            "location": "europe-west1",
            "policy_data": "{\"bindings\":[{\"members\":[\"allUsers\"],\"role\":\"roles/run.invoker\"}]}",
            "project": "pure-tribute-457710-m1",
            "service": "v1/projects/pure-tribute-457710-m1/locations/europe-west1/services/asset-analysis-service"
          },
          "sensitive_attributes": [],
          "private": "bnVsbA==",
          "dependencies": [
            "google_cloud_run_service.streamlit",
            "google_project_service.cloud_run"
          ]
        }
      ]
    },
    {
      "mode": "managed",
      "type": "google_project_iam_member",
      "name": "kestra_bigquery_data_editor",
      "provider": "provider[\"registry.terraform.io/hashicorp/google\"]",
      "instances": [
        {
          "schema_version": 0,
          "attributes": {
            "condition": [],
            "etag": "BwYzl6l4L3Y=",
            "id": "pure-tribute-457710-m1/roles/bigquery.dataEditor/serviceAccount:kestra-workflow@pure-tribute-457710-m1.iam.gserviceaccount.com",
            "member": "serviceAccount:kestra-workflow@pure-tribute-457710-m1.iam.gserviceaccount.com",
            "project": "pure-tribute-457710-m1",
            "role": "roles/bigquery.dataEditor"
          },
          "sensitive_attributes": [],
          "private": "bnVsbA=="
        }
      ]
    },
    {
      "mode": "managed",
      "type": "google_project_iam_member",
      "name": "kestra_bigquery_job",
      "provider": "provider[\"registry.terraform.io/hashicorp/google\"]",
      "instances": [
        {
          "schema_version": 0,
          "attributes": {
            "condition": [],
            "etag": "BwYzl6l4L3Y=",
            "id": "pure-tribute-457710-m1/roles/bigquery.jobUser/serviceAccount:kestra-workflow@pure-tribute-457710-m1.iam.gserviceaccount.com",
            "member": "serviceAccount:kestra-workflow@pure-tribute-457710-m1.iam.gserviceaccount.com",
            "project": "pure-tribute-457710-m1",
            "role": "roles/bigquery.jobUser"
          },
          "sensitive_attributes": [],
          "private": "bnVsbA=="
        }
      ]
    },
    {
      "mode": "managed",
      "type": "google_project_iam_member",
      "name": "kestra_bq",
      "provider": "provider[\"registry.terraform.io/hashicorp/google\"]",
      "instances": [
        {
          "schema_version": 0,
          "attributes": {
            "condition": [],
            "etag": "BwYzl6l4L3Y=",
            "id": "pure-tribute-457710-m1/roles/bigquery.dataEditor/serviceAccount:kestra-workflow@pure-tribute-457710-m1.iam.gserviceaccount.com",
            "member": "serviceAccount:kestra-workflow@pure-tribute-457710-m1.iam.gserviceaccount.com",
            "project": "pure-tribute-457710-m1",
            "role": "roles/bigquery.dataEditor"
          },
          "sensitive_attributes": [],
          "private": "bnVsbA==",
          "dependencies": [
            "google_service_account.kestra_sa"
          ]
        }
      ]
    },
    {
      "mode": "managed",
      "type": "google_project_iam_member",
      "name": "kestra_gcs",
      "provider": "provider[\"registry.terraform.io/hashicorp/google\"]",
      "instances": [
        {
          "schema_version": 0,
          "attributes": {
            "condition": [],
            "etag": "BwYzl6l4L3Y=",
            "id": "pure-tribute-457710-m1/roles/storage.objectAdmin/serviceAccount:kestra-workflow@pure-tribute-457710-m1.iam.gserviceaccount.com",
            "member": "serviceAccount:kestra-workflow@pure-tribute-457710-m1.iam.gserviceaccount.com",
            "project": "pure-tribute-457710-m1",
            "role": "roles/storage.objectAdmin"
          },
          "sensitive_attributes": [],
          "private": "bnVsbA==",
          "dependencies": [
            "google_service_account.kestra_sa"
          ]
        }
      ]
    },
    {
      "mode": "managed",
      "type": "google_project_service",
      "name": "cloud_run",
      "provider": "provider[\"registry.terraform.io/hashicorp/google\"]",
      "instances": [
        {
          "schema_version": 0,
          "attributes": {
            "disable_dependent_services": null,
            "disable_on_destroy": true,
            "id": "pure-tribute-457710-m1/run.googleapis.com",
            "project": "pure-tribute-457710-m1",
            "service": "run.googleapis.com",
            "timeouts": null
          },
          "sensitive_attributes": [],
          "private": "eyJlMmJmYjczMC1lY2FhLTExZTYtOGY4OC0zNDM2M2JjN2M0YzAiOnsiY3JlYXRlIjoxMjAwMDAwMDAwMDAwLCJkZWxldGUiOjEyMDAwMDAwMDAwMDAsInJlYWQiOjYwMDAwMDAwMDAwMCwidXBkYXRlIjoxMjAwMDAwMDAwMDAwfX0="
        }
      ]
    },
    {
      "mode": "managed",
      "type": "google_service_account",
      "name": "kestra_sa",
      "provider": "provider[\"registry.terraform.io/hashicorp/google\"]",
      "instances": [
        {
          "schema_version": 0,
          "attributes": {
            "account_id": "kestra-workflow",
            "create_ignore_already_exists": null,
            "description": "",
            "disabled": false,
            "display_name": "Kestra Workflow Service Account",
            "email": "kestra-workflow@pure-tribute-457710-m1.iam.gserviceaccount.com",
            "id": "projects/pure-tribute-457710-m1/serviceAccounts/kestra-workflow@pure-tribute-457710-m1.iam.gserviceaccount.com",
            "member": "serviceAccount:kestra-workflow@pure-tribute-457710-m1.iam.gserviceaccount.com",
            "name": "projects/pure-tribute-457710-m1/serviceAccounts/kestra-workflow@pure-tribute-457710-m1.iam.gserviceaccount.com",
            "project": "pure-tribute-457710-m1",
            "timeouts": null,
            "unique_id": "115954616266451053955"
          },
          "sensitive_attributes": [],
          "private": "eyJlMmJmYjczMC1lY2FhLTExZTYtOGY4OC0zNDM2M2JjN2M0YzAiOnsiY3JlYXRlIjozMDAwMDAwMDAwMDB9fQ=="
        }
      ]
    },
    {
      "mode": "managed",
      "type": "kestra_flow",
      "name": "asset_analysis_flow",
      "provider": "provider[\"registry.terraform.io/kestra-io/kestra\"]",
      "instances": [
        {
          "schema_version": 0,
          "attributes": {
            "content": "id: asset-analysis\r\nnamespace: your.project\r\n\r\ntriggers:\r\n  - id: daily-trigger\r\n    type: io.kestra.plugin.core.trigger.Schedule\r\n    cron: \"0 0 * * *\"  # ogni giorno a mezzanotte UTC\r\n\r\ntasks:\r\n  - id: working-directory\r\n    type: io.kestra.plugin.core.flow.WorkingDirectory\r\n    tasks:\r\n      - id: stage1\r\n        type: io.kestra.plugin.scripts.python.Script\r\n        inputFiles:\r\n          requirements.txt: |\r\n            yfinance\r\n            pandas\r\n        beforeCommands:\r\n          - pip install -r requirements.txt\r\n        script: |\r\n          import yfinance as yf\r\n          import pandas as pd\r\n          from datetime import datetime\r\n          \r\n          tickers = [\"AAPL\", \"MSFT\", \"GOOGL\", \"AMZN\", \"TSLA\", \"SPY\", \"SPX\", \"DIA\", \"QQQ\", \"IWM\"]\r\n          start = \"2015-01-01\"\r\n          end = datetime.now().strftime(\"%Y-%m-%d\")\r\n          print (end)\r\n          interval = \"1wk\"\r\n          \r\n          df = yf.download(tickers, start=start, end=end, interval=interval, group_by='ticker', auto_adjust=True)\r\n          \r\n          # Verifica se il DataFrame ha una struttura multi-indice\r\n          if isinstance(df.columns, pd.MultiIndex):\r\n              close_prices = df.xs('Close', axis=1, level=1)\r\n          else:\r\n              close_prices = df['Close']\r\n          \r\n          returns = close_prices.pct_change().dropna()\r\n          \r\n          \r\n          monthly_returns = returns.copy()\r\n          monthly_returns.index = pd.to_datetime(monthly_returns.index)\r\n          \r\n          monthly_returns['YearMonth'] = monthly_returns.index.to_period('M')\r\n          \r\n          monthly_long = monthly_returns.reset_index().melt(id_vars=[\"Date\", \"YearMonth\"], var_name=\"Ticker\", value_name=\"Return\")\r\n          \r\n          monthly_stats = (\r\n              monthly_long\r\n              .groupby([\"Ticker\", \"YearMonth\"])\r\n              .agg(Mean_Return=(\"Return\", \"mean\"), Volatility=(\"Return\", \"std\"))\r\n              .reset_index()\r\n          )\r\n          \r\n          \r\n          monthly_stats[['Year', 'Month']] = monthly_stats['YearMonth'].astype(str).str.split('-', expand=True)\r\n          \r\n          \r\n          df = monthly_stats.drop(columns=['YearMonth'])\r\n          \r\n          output_path = \"./asset_analysis_result.csv\"\r\n          df.to_csv(output_path, index=False)\r\n          \r\n          print(f\"File aggiornato salvato in: {output_path}\")\r\n      \r\n        outputFiles:\r\n          - \"asset_analysis_result.csv\"  # Salva il file nella directory di lavoro corrente\r\n\r\n  - id: print-output\r\n    type: io.kestra.plugin.scripts.python.Script\r\n  \r\n    script: |\r\n      with open(\"{{ outputs.stage1.outputFiles['asset_analysis_result.csv'] }}\", \"r\") as f:\r\n          content = f.read()\r\n          print(\"=== Contenuto del CSV ===\")\r\n          print(content)\r\n\r\n\r\n  - id: upload-to-bigquery\r\n    type: io.kestra.plugin.gcp.bigquery.Load\r\n    serviceAccount: \"{{kv('GCP_CREDENTIALS')}}\"\r\n    from: \"{{ outputs.stage1.outputFiles['asset_analysis_result.csv'] }}\"\r\n    destinationTable: \"{{kv('GCP_PROJECT_ID')}}.{{kv('GCP_BQ_DATASET')}}.{{kv('GCP_BQ_TABLE_NAME')}}\"\r\n    format: CSV\r\n    csvOptions:\r\n      fieldDelimiter: \",\"\r\n      skipLeadingRows: 1 \r\n    writeDisposition: WRITE_TRUNCATE",
            "flow_id": "asset-analysis",
            "id": "your.project/asset-analysis",
            "namespace": "your.project",
            "revision": 38,
            "tenant_id": null
          },
          "sensitive_attributes": [],
          "private": "bnVsbA=="
        }
      ]
    },
    {
      "mode": "managed",
      "type": "kestra_kv",
      "name": "GCP_BQ_DATASET",
      "provider": "provider[\"registry.terraform.io/kestra-io/kestra\"]",
      "instances": [
        {
          "schema_version": 0,
          "attributes": {
            "id": "your.project/GCP_BQ_DATASET",
            "key": "GCP_BQ_DATASET",
            "namespace": "your.project",
            "tenant_id": "",
            "type": "STRING",
            "value": "asset_analysis_dataset"
          },
          "sensitive_attributes": [],
          "private": "bnVsbA=="
        }
      ]
    },
    {
      "mode": "managed",
      "type": "kestra_kv",
      "name": "GCP_BQ_TABLE_NAME",
      "provider": "provider[\"registry.terraform.io/kestra-io/kestra\"]",
      "instances": [
        {
          "schema_version": 0,
          "attributes": {
            "id": "your.project/GCP_BQ_TABLE_NAME",
            "key": "GCP_BQ_TABLE_NAME",
            "namespace": "your.project",
            "tenant_id": "",
            "type": "STRING",
            "value": "asset_analysis_result"
          },
          "sensitive_attributes": [],
          "private": "bnVsbA=="
        }
      ]
    },
    {
      "mode": "managed",
      "type": "kestra_kv",
      "name": "GCP_CREDENTIALS",
      "provider": "provider[\"registry.terraform.io/kestra-io/kestra\"]",
      "instances": [
        {
          "schema_version": 0,
          "attributes": {
            "id": "your.project/GCP_CREDENTIALS",
            "key": "GCP_CREDENTIALS",
            "namespace": "your.project",
            "tenant_id": "",
            "type": "JSON",
            "value": "{\n  \"type\": \"service_account\",\n  \"project_id\": \"pure-tribute-457710-m1\",\n  \"private_key_id\": \"e76fc378b9fc5e3c342f793b1b7cc04b4214a61d\",\n  \"private_key\": \"-----BEGIN PRIVATE KEY-----\\nMIIEvAIBADANBgkqhkiG9w0BAQEFAASCBKYwggSiAgEAAoIBAQCHwiRRyHMi/RSE\\nhd97IbjWJC5sqpseUHVoMWU2SyXbKK7nYO/eZ2wXVs8r13/Lp5Oypw+WFTszsnVf\\nSdhgrpR/gYxzO+FKjLj4eVCwBxn8vAcRY/XYb/+1s/UwCUIPICd2iT9LUVGoAUfZ\\nOMEUzxtaECXcWImqlJOQitMhSZcrPyQJdVGp2Gw/1yno0mojro36EHYOMNbBz3mm\\nrDeuwTxcNy/hrpgUEjhRsaDQ4x16J2PBIjRpNdKAKGXFb7gYbiM2YHhZOUQFO5qk\\nkJbWg3QK6EuHvoxhq47C2qCy7YHNDyW8cSVhkQh3RaGXUOJEcLTMf9DSTwiismlD\\nhruWKmqrAgMBAAECggEAIcrAcZ78kdP/HHGaTDL7qEn/SEs7K1OJtfK9p8MS3DeH\\nOc7WRjzmGfUgwl/0zoOa7xhId+o2/0pHjv15n681BXwAstpP3NekXy0LWZWa8V74\\nP2rrUgGm29q8iEV1rQAq8oV9PMk0EyamdLp8zSo0O7nTQsLDGbO7+3miziFcQIYt\\nKZjLbhIxv/gk45N/9xsbcxNhmge4V6I3YMzZq2pCXYjlhL5mMbEKIyXIXzvfJrfk\\n34+G3q4LOtPR1p8tWOhJfzvicxOLSzo8UAOCPUecdUzzeaypDMZELllsRitK6gRe\\nt6K9h+c+91sdcUWnRFVaLGJy2Sm0nBqH1m6o/4pImQKBgQC7z4FYRhMqSFFGr5nf\\n0hHqHiVTu3aOGbNKRBi07pYzxkyZFF+OlnYVGAa+Ni64sZUWhX9J2fAccuuWe4V5\\n7BwGBemAijS+9P/PI1JoyAkO1TFRE3WFKI70v+LJljsBrJf0pW5H14EUDf3zMEDG\\nDejI+arzE6i2Cm9j86hrA0Lh/wKBgQC5DIW+/4eOO3myRAb5KiiU4pMyDolY4LC4\\nHjK9hEznCYXKxGV6osRsmlJuZbij9EqfWOnLd/Qv+QIrkoa753cwtAdlTKPoZ1pT\\nNsxOt46Qoj282XC0V2z3WAvOxRMG4LdVTytVxN4Vm7NKlsiqzMQckfZqB9VLnUgH\\nGgCQ2WifVQKBgHIRKcHvbZx0p8iCxrZF5FOJU6pzZSIRQe+NRGQ/tEJl4gfnc9Iq\\nWDWfjhjg16edU6uGETVNhKQCuEuBYiQW3z5ZQOStDDQeoW+xSFATjkzP91ACvZHO\\nfGTyVk+RSu1NYk1YXI6NuPvxM5gMaorfz86gtM9F1WYbGGRgjJ3SMUEJAoGAD/V4\\ng2ReOHIAqNMdFtf/7/cqYqLGTZfzJa3VCmsihrpXg4k0h0MKVaNpgIPdTKaA2QU+\\nBIIv2QNMoJ1eaU4pBVZBXQcjC6P+MjcDn7ZM4URctrC5+5OeniZFvmtYnLs8lGrj\\nfd4gmRR4ffJLFA/cyen8qmBKkN7bm2Eus09MqpECgYBouMe7LArLG9AlFTFR0NDV\\ny8jyEgD4bbuuTGBNaJQJiufQKr3gTwkWgDbNpJIeW4x5ootMnXZSrYXSvZhORyjU\\nN7LTu3RktLEMVGT7QD1IlxismEniZ3VMskE1j6QBVDNxoy/Q1YPeXtY5Q8GTX7lI\\nJF68eYoESt4iA7lQ5SbD+Q==\\n-----END PRIVATE KEY-----\\n\",\n  \"client_email\": \"445748976210-compute@developer.gserviceaccount.com\",\n  \"client_id\": \"102592665094497752562\",\n  \"auth_uri\": \"https://accounts.google.com/o/oauth2/auth\",\n  \"token_uri\": \"https://oauth2.googleapis.com/token\",\n  \"auth_provider_x509_cert_url\": \"https://www.googleapis.com/oauth2/v1/certs\",\n  \"client_x509_cert_url\": \"https://www.googleapis.com/robot/v1/metadata/x509/445748976210-compute%40developer.gserviceaccount.com\",\n  \"universe_domain\": \"googleapis.com\"\n}\n"
          },
          "sensitive_attributes": [],
          "private": "bnVsbA=="
        }
      ]
    },
    {
      "mode": "managed",
      "type": "kestra_kv",
      "name": "GCP_PROJECT_ID",
      "provider": "provider[\"registry.terraform.io/kestra-io/kestra\"]",
      "instances": [
        {
          "schema_version": 0,
          "attributes": {
            "id": "your.project/GCP_PROJECT_ID",
            "key": "GCP_PROJECT_ID",
            "namespace": "your.project",
            "tenant_id": "",
            "type": "STRING",
            "value": "pure-tribute-457710-m1"
          },
          "sensitive_attributes": [],
          "private": "bnVsbA=="
        }
      ]
    }
  ],
  "check_results": null
}
